
Microsoft Visual Studio Solution File, Format Version 12.00
# Visual Studio Version 17
VisualStudioVersion = 17.12.35707.178
MinimumVisualStudioVersion = 10.0.40219.1
Project("{9A19103F-16F7-4668-BE54-9A1E7A4F7556}") = "ConsoleApp2", "ConsoleApp2\ConsoleApp2.csproj", "{4BDA3294-0AB2-4BC4-B84D-8CF4B026442E}"
EndProject
Project("{FAE04EC0-301F-11D3-BF4B-00C04F79EFBC}") = "ConsoleApp1", "ConsoleApp1\ConsoleApp1.csproj", "{946C857B-4E17-41D4-B3F8-E0158B20C17B}"
EndProject
Project("{FAE04EC0-301F-11D3-BF4B-00C04F79EFBC}") = "ConsoleApp3", "ConsoleApp3\ConsoleApp3.csproj", "{1F2D92FD-D8AA-456D-9F86-8B589DFCBC26}"
EndProject
Global
	GlobalSection(SolutionConfigurationPlatforms) = preSolution
		Debug|Any CPU = Debug|Any CPU
		Release|Any CPU = Release|Any CPU
	EndGlobalSection
	GlobalSection(ProjectConfigurationPlatforms) = postSolution
		{4BDA3294-0AB2-4BC4-B84D-8CF4B026442E}.Debug|Any CPU.ActiveCfg = Debug|Any CPU
		{4BDA3294-0AB2-4BC4-B84D-8CF4B026442E}.Debug|Any CPU.Build.0 = Debug|Any CPU
		{4BDA3294-0AB2-4BC4-B84D-8CF4B026442E}.Release|Any CPU.ActiveCfg = Release|Any CPU
		{4BDA3294-0AB2-4BC4-B84D-8CF4B026442E}.Release|Any CPU.Build.0 = Release|Any CPU
		{946C857B-4E17-41D4-B3F8-E0158B20C17B}.Debug|Any CPU.ActiveCfg = Debug|Any CPU
		{946C857B-4E17-41D4-B3F8-E0158B20C17B}.Debug|Any CPU.Build.0 = Debug|Any CPU
		{946C857B-4E17-41D4-B3F8-E0158B20C17B}.Release|Any CPU.ActiveCfg = Release|Any CPU
		{946C857B-4E17-41D4-B3F8-E0158B20C17B}.Release|Any CPU.Build.0 = Release|Any CPU
		{1F2D92FD-D8AA-456D-9F86-8B589DFCBC26}.Debug|Any CPU.ActiveCfg = Debug|Any CPU
		{1F2D92FD-D8AA-456D-9F86-8B589DFCBC26}.Debug|Any CPU.Build.0 = Debug|Any CPU
		{1F2D92FD-D8AA-456D-9F86-8B589DFCBC26}.Release|Any CPU.ActiveCfg = Release|Any CPU
		{1F2D92FD-D8AA-456D-9F86-8B589DFCBC26}.Release|Any CPU.Build.0 = Release|Any CPU
	EndGlobalSection
	GlobalSection(SolutionProperties) = preSolution
		HideSolutionNode = FALSE
	EndGlobalSection
EndGlobal
